// !$*UTF8*$!
{
	archiveVersion = 1;
	classes = {
	};
	objectVersion = 56;
	objects = {

/* Begin PBXBuildFile section */
		356017402939125B004AD5C7 /* Focus_meApp.swift in Sources */ = {isa = PBXBuildFile; fileRef = 3560173F2939125B004AD5C7 /* Focus_meApp.swift */; };
		356017442939125C004AD5C7 /* Assets.xcassets in Resources */ = {isa = PBXBuildFile; fileRef = 356017432939125C004AD5C7 /* Assets.xcassets */; };
		356017472939125C004AD5C7 /* Preview Assets.xcassets in Resources */ = {isa = PBXBuildFile; fileRef = 356017462939125C004AD5C7 /* Preview Assets.xcassets */; };
		3560174E293914C7004AD5C7 /* DoubleRingView.swift in Sources */ = {isa = PBXBuildFile; fileRef = 3560174D293914C7004AD5C7 /* DoubleRingView.swift */; };
		3560175229392044004AD5C7 /* MainTimerView.swift in Sources */ = {isa = PBXBuildFile; fileRef = 3560175129392044004AD5C7 /* MainTimerView.swift */; };
		3560175629392097004AD5C7 /* TimerButton.swift in Sources */ = {isa = PBXBuildFile; fileRef = 3560175529392097004AD5C7 /* TimerButton.swift */; };
		3560175829392700004AD5C7 /* TimerViewModel.swift in Sources */ = {isa = PBXBuildFile; fileRef = 3560175729392700004AD5C7 /* TimerViewModel.swift */; };
		3560175B293934CC004AD5C7 /* ColorConstant.swift in Sources */ = {isa = PBXBuildFile; fileRef = 3560175A293934CC004AD5C7 /* ColorConstant.swift */; };
		356017652939FEB9004AD5C7 /* RemainTimeView.swift in Sources */ = {isa = PBXBuildFile; fileRef = 356017642939FEB9004AD5C7 /* RemainTimeView.swift */; };
		35601767293A20F2004AD5C7 /* PickerView.swift in Sources */ = {isa = PBXBuildFile; fileRef = 35601766293A20F2004AD5C7 /* PickerView.swift */; };
		3560176A293A24D5004AD5C7 /* AvailableTime.swift in Sources */ = {isa = PBXBuildFile; fileRef = 35601769293A24D5004AD5C7 /* AvailableTime.swift */; };
		3560176D293A3B62004AD5C7 /* View+Extensions.swift in Sources */ = {isa = PBXBuildFile; fileRef = 3560176C293A3B62004AD5C7 /* View+Extensions.swift */; };
		3560176F293A49A2004AD5C7 /* SingleRingeView.swift in Sources */ = {isa = PBXBuildFile; fileRef = 3560176E293A49A2004AD5C7 /* SingleRingeView.swift */; };
		35601771293B4287004AD5C7 /* TimerState.swift in Sources */ = {isa = PBXBuildFile; fileRef = 35601770293B4287004AD5C7 /* TimerState.swift */; };
		35601774293B602B004AD5C7 /* ImageConstant.swift in Sources */ = {isa = PBXBuildFile; fileRef = 35601773293B602B004AD5C7 /* ImageConstant.swift */; };
/* End PBXBuildFile section */

/* Begin PBXFileReference section */
		3560173C2939125B004AD5C7 /* Focus.me.app */ = {isa = PBXFileReference; explicitFileType = wrapper.application; includeInIndex = 0; path = Focus.me.app; sourceTree = BUILT_PRODUCTS_DIR; };
		3560173F2939125B004AD5C7 /* Focus_meApp.swift */ = {isa = PBXFileReference; lastKnownFileType = sourcecode.swift; path = Focus_meApp.swift; sourceTree = "<group>"; };
		356017432939125C004AD5C7 /* Assets.xcassets */ = {isa = PBXFileReference; lastKnownFileType = folder.assetcatalog; path = Assets.xcassets; sourceTree = "<group>"; };
		356017462939125C004AD5C7 /* Preview Assets.xcassets */ = {isa = PBXFileReference; lastKnownFileType = folder.assetcatalog; path = "Preview Assets.xcassets"; sourceTree = "<group>"; };
		3560174D293914C7004AD5C7 /* DoubleRingView.swift */ = {isa = PBXFileReference; lastKnownFileType = sourcecode.swift; path = DoubleRingView.swift; sourceTree = "<group>"; };
		3560175129392044004AD5C7 /* MainTimerView.swift */ = {isa = PBXFileReference; lastKnownFileType = sourcecode.swift; path = MainTimerView.swift; sourceTree = "<group>"; };
		3560175529392097004AD5C7 /* TimerButton.swift */ = {isa = PBXFileReference; lastKnownFileType = sourcecode.swift; path = TimerButton.swift; sourceTree = "<group>"; };
		3560175729392700004AD5C7 /* TimerViewModel.swift */ = {isa = PBXFileReference; lastKnownFileType = sourcecode.swift; path = TimerViewModel.swift; sourceTree = "<group>"; };
		3560175A293934CC004AD5C7 /* ColorConstant.swift */ = {isa = PBXFileReference; lastKnownFileType = sourcecode.swift; path = ColorConstant.swift; sourceTree = "<group>"; };
		356017642939FEB9004AD5C7 /* RemainTimeView.swift */ = {isa = PBXFileReference; lastKnownFileType = sourcecode.swift; path = RemainTimeView.swift; sourceTree = "<group>"; };
		35601766293A20F2004AD5C7 /* PickerView.swift */ = {isa = PBXFileReference; lastKnownFileType = sourcecode.swift; path = PickerView.swift; sourceTree = "<group>"; };
		35601769293A24D5004AD5C7 /* AvailableTime.swift */ = {isa = PBXFileReference; lastKnownFileType = sourcecode.swift; path = AvailableTime.swift; sourceTree = "<group>"; };
		3560176C293A3B62004AD5C7 /* View+Extensions.swift */ = {isa = PBXFileReference; lastKnownFileType = sourcecode.swift; path = "View+Extensions.swift"; sourceTree = "<group>"; };
		3560176E293A49A2004AD5C7 /* SingleRingeView.swift */ = {isa = PBXFileReference; lastKnownFileType = sourcecode.swift; path = SingleRingeView.swift; sourceTree = "<group>"; };
		35601770293B4287004AD5C7 /* TimerState.swift */ = {isa = PBXFileReference; lastKnownFileType = sourcecode.swift; path = TimerState.swift; sourceTree = "<group>"; };
		35601773293B602B004AD5C7 /* ImageConstant.swift */ = {isa = PBXFileReference; lastKnownFileType = sourcecode.swift; path = ImageConstant.swift; sourceTree = "<group>"; };
/* End PBXFileReference section */

/* Begin PBXFrameworksBuildPhase section */
		356017392939125B004AD5C7 /* Frameworks */ = {
			isa = PBXFrameworksBuildPhase;
			buildActionMask = 2147483647;
			files = (
			);
			runOnlyForDeploymentPostprocessing = 0;
		};
/* End PBXFrameworksBuildPhase section */

/* Begin PBXGroup section */
		356017332939125B004AD5C7 = {
			isa = PBXGroup;
			children = (
				3560173E2939125B004AD5C7 /* Focus.me */,
				3560173D2939125B004AD5C7 /* Products */,
			);
			sourceTree = "<group>";
		};
		3560173D2939125B004AD5C7 /* Products */ = {
			isa = PBXGroup;
			children = (
				3560173C2939125B004AD5C7 /* Focus.me.app */,
			);
			name = Products;
			sourceTree = "<group>";
		};
		3560173E2939125B004AD5C7 /* Focus.me */ = {
			isa = PBXGroup;
			children = (
				3560173F2939125B004AD5C7 /* Focus_meApp.swift */,
				3560176B293A3B54004AD5C7 /* Halpers */,
				3560175329392075004AD5C7 /* Views */,
				356017432939125C004AD5C7 /* Assets.xcassets */,
				356017452939125C004AD5C7 /* Preview Content */,
			);
			path = Focus.me;
			sourceTree = "<group>";
		};
		356017452939125C004AD5C7 /* Preview Content */ = {
			isa = PBXGroup;
			children = (
				356017462939125C004AD5C7 /* Preview Assets.xcassets */,
			);
			path = "Preview Content";
			sourceTree = "<group>";
		};
		3560175329392075004AD5C7 /* Views */ = {
			isa = PBXGroup;
			children = (
				35601759293934AB004AD5C7 /* Constants */,
				3560175C29393512004AD5C7 /* Tabs */,
			);
			path = Views;
			sourceTree = "<group>";
		};
		3560175429392083004AD5C7 /* TimerView */ = {
			isa = PBXGroup;
			children = (
				3560175129392044004AD5C7 /* MainTimerView.swift */,
				3560175E2939354F004AD5C7 /* Views */,
				3560175D2939353A004AD5C7 /* ViewModel */,
				35601768293A24C7004AD5C7 /* Models */,
			);
			path = TimerView;
			sourceTree = "<group>";
		};
		35601759293934AB004AD5C7 /* Constants */ = {
			isa = PBXGroup;
			children = (
				3560175A293934CC004AD5C7 /* ColorConstant.swift */,
				35601773293B602B004AD5C7 /* ImageConstant.swift */,
			);
			path = Constants;
			sourceTree = "<group>";
		};
		3560175C29393512004AD5C7 /* Tabs */ = {
			isa = PBXGroup;
			children = (
				3560175429392083004AD5C7 /* TimerView */,
			);
			path = Tabs;
			sourceTree = "<group>";
		};
		3560175D2939353A004AD5C7 /* ViewModel */ = {
			isa = PBXGroup;
			children = (
				3560175729392700004AD5C7 /* TimerViewModel.swift */,
				35601770293B4287004AD5C7 /* TimerState.swift */,
			);
			path = ViewModel;
			sourceTree = "<group>";
		};
		3560175E2939354F004AD5C7 /* Views */ = {
			isa = PBXGroup;
			children = (
				35601772293B51D4004AD5C7 /* Buttons */,
				356017642939FEB9004AD5C7 /* RemainTimeView.swift */,
				3560176E293A49A2004AD5C7 /* SingleRingeView.swift */,
				3560174D293914C7004AD5C7 /* DoubleRingView.swift */,
				35601766293A20F2004AD5C7 /* PickerView.swift */,
			);
			path = Views;
			sourceTree = "<group>";
		};
		35601768293A24C7004AD5C7 /* Models */ = {
			isa = PBXGroup;
			children = (
				35601769293A24D5004AD5C7 /* AvailableTime.swift */,
			);
			name = Models;
			sourceTree = "<group>";
		};
		3560176B293A3B54004AD5C7 /* Halpers */ = {
			isa = PBXGroup;
			children = (
				3560176C293A3B62004AD5C7 /* View+Extensions.swift */,
			);
			path = Halpers;
			sourceTree = "<group>";
		};
		35601772293B51D4004AD5C7 /* Buttons */ = {
			isa = PBXGroup;
			children = (
				3560175529392097004AD5C7 /* TimerButton.swift */,
			);
			path = Buttons;
			sourceTree = "<group>";
		};
/* End PBXGroup section */

/* Begin PBXNativeTarget section */
		3560173B2939125B004AD5C7 /* Focus.me */ = {
			isa = PBXNativeTarget;
			buildConfigurationList = 3560174A2939125C004AD5C7 /* Build configuration list for PBXNativeTarget "Focus.me" */;
			buildPhases = (
				356017382939125B004AD5C7 /* Sources */,
				356017392939125B004AD5C7 /* Frameworks */,
				3560173A2939125B004AD5C7 /* Resources */,
			);
			buildRules = (
			);
			dependencies = (
			);
			name = Focus.me;
			productName = Focus.me;
			productReference = 3560173C2939125B004AD5C7 /* Focus.me.app */;
			productType = "com.apple.product-type.application";
		};
/* End PBXNativeTarget section */

/* Begin PBXProject section */
		356017342939125B004AD5C7 /* Project object */ = {
			isa = PBXProject;
			attributes = {
				BuildIndependentTargetsInParallel = 1;
				LastSwiftUpdateCheck = 1400;
				LastUpgradeCheck = 1400;
				TargetAttributes = {
					3560173B2939125B004AD5C7 = {
						CreatedOnToolsVersion = 14.0.1;
					};
				};
			};
			buildConfigurationList = 356017372939125B004AD5C7 /* Build configuration list for PBXProject "Focus.me" */;
			compatibilityVersion = "Xcode 14.0";
			developmentRegion = en;
			hasScannedForEncodings = 0;
			knownRegions = (
				en,
				Base,
			);
			mainGroup = 356017332939125B004AD5C7;
			productRefGroup = 3560173D2939125B004AD5C7 /* Products */;
			projectDirPath = "";
			projectRoot = "";
			targets = (
				3560173B2939125B004AD5C7 /* Focus.me */,
			);
		};
/* End PBXProject section */

/* Begin PBXResourcesBuildPhase section */
		3560173A2939125B004AD5C7 /* Resources */ = {
			isa = PBXResourcesBuildPhase;
			buildActionMask = 2147483647;
			files = (
				356017472939125C004AD5C7 /* Preview Assets.xcassets in Resources */,
				356017442939125C004AD5C7 /* Assets.xcassets in Resources */,
			);
			runOnlyForDeploymentPostprocessing = 0;
		};
/* End PBXResourcesBuildPhase section */

/* Begin PBXSourcesBuildPhase section */
		356017382939125B004AD5C7 /* Sources */ = {
			isa = PBXSourcesBuildPhase;
			buildActionMask = 2147483647;
			files = (
				3560175829392700004AD5C7 /* TimerViewModel.swift in Sources */,
				3560174E293914C7004AD5C7 /* DoubleRingView.swift in Sources */,
				35601774293B602B004AD5C7 /* ImageConstant.swift in Sources */,
				3560176D293A3B62004AD5C7 /* View+Extensions.swift in Sources */,
				35601767293A20F2004AD5C7 /* PickerView.swift in Sources */,
				35601771293B4287004AD5C7 /* TimerState.swift in Sources */,
				3560175B293934CC004AD5C7 /* ColorConstant.swift in Sources */,
				3560175629392097004AD5C7 /* TimerButton.swift in Sources */,
				356017652939FEB9004AD5C7 /* RemainTimeView.swift in Sources */,
				3560175229392044004AD5C7 /* MainTimerView.swift in Sources */,
				3560176A293A24D5004AD5C7 /* AvailableTime.swift in Sources */,
				3560176F293A49A2004AD5C7 /* SingleRingeView.swift in Sources */,
				356017402939125B004AD5C7 /* Focus_meApp.swift in Sources */,
			);
			runOnlyForDeploymentPostprocessing = 0;
		};
/* End PBXSourcesBuildPhase section */

/* Begin XCBuildConfiguration section */
		356017482939125C004AD5C7 /* Debug */ = {
			isa = XCBuildConfiguration;
			buildSettings = {
				ALWAYS_SEARCH_USER_PATHS = NO;
				CLANG_ANALYZER_NONNULL = YES;
				CLANG_ANALYZER_NUMBER_OBJECT_CONVERSION = YES_AGGRESSIVE;
				CLANG_CXX_LANGUAGE_STANDARD = "gnu++20";
				CLANG_ENABLE_MODULES = YES;
				CLANG_ENABLE_OBJC_ARC = YES;
				CLANG_ENABLE_OBJC_WEAK = YES;
				CLANG_WARN_BLOCK_CAPTURE_AUTORELEASING = YES;
				CLANG_WARN_BOOL_CONVERSION = YES;
				CLANG_WARN_COMMA = YES;
				CLANG_WARN_CONSTANT_CONVERSION = YES;
				CLANG_WARN_DEPRECATED_OBJC_IMPLEMENTATIONS = YES;
				CLANG_WARN_DIRECT_OBJC_ISA_USAGE = YES_ERROR;
				CLANG_WARN_DOCUMENTATION_COMMENTS = YES;
				CLANG_WARN_EMPTY_BODY = YES;
				CLANG_WARN_ENUM_CONVERSION = YES;
				CLANG_WARN_INFINITE_RECURSION = YES;
				CLANG_WARN_INT_CONVERSION = YES;
				CLANG_WARN_NON_LITERAL_NULL_CONVERSION = YES;
				CLANG_WARN_OBJC_IMPLICIT_RETAIN_SELF = YES;
				CLANG_WARN_OBJC_LITERAL_CONVERSION = YES;
				CLANG_WARN_OBJC_ROOT_CLASS = YES_ERROR;
				CLANG_WARN_QUOTED_INCLUDE_IN_FRAMEWORK_HEADER = YES;
				CLANG_WARN_RANGE_LOOP_ANALYSIS = YES;
				CLANG_WARN_STRICT_PROTOTYPES = YES;
				CLANG_WARN_SUSPICIOUS_MOVE = YES;
				CLANG_WARN_UNGUARDED_AVAILABILITY = YES_AGGRESSIVE;
				CLANG_WARN_UNREACHABLE_CODE = YES;
				CLANG_WARN__DUPLICATE_METHOD_MATCH = YES;
				COPY_PHASE_STRIP = NO;
				DEBUG_INFORMATION_FORMAT = dwarf;
				ENABLE_STRICT_OBJC_MSGSEND = YES;
				ENABLE_TESTABILITY = YES;
				GCC_C_LANGUAGE_STANDARD = gnu11;
				GCC_DYNAMIC_NO_PIC = NO;
				GCC_NO_COMMON_BLOCKS = YES;
				GCC_OPTIMIZATION_LEVEL = 0;
				GCC_PREPROCESSOR_DEFINITIONS = (
					"DEBUG=1",
					"$(inherited)",
				);
				GCC_WARN_64_TO_32_BIT_CONVERSION = YES;
				GCC_WARN_ABOUT_RETURN_TYPE = YES_ERROR;
				GCC_WARN_UNDECLARED_SELECTOR = YES;
				GCC_WARN_UNINITIALIZED_AUTOS = YES_AGGRESSIVE;
				GCC_WARN_UNUSED_FUNCTION = YES;
				GCC_WARN_UNUSED_VARIABLE = YES;
				IPHONEOS_DEPLOYMENT_TARGET = 16.0;
				MTL_ENABLE_DEBUG_INFO = INCLUDE_SOURCE;
				MTL_FAST_MATH = YES;
				ONLY_ACTIVE_ARCH = YES;
				SDKROOT = iphoneos;
				SWIFT_ACTIVE_COMPILATION_CONDITIONS = DEBUG;
				SWIFT_OPTIMIZATION_LEVEL = "-Onone";
			};
			name = Debug;
		};
		356017492939125C004AD5C7 /* Release */ = {
			isa = XCBuildConfiguration;
			buildSettings = {
				ALWAYS_SEARCH_USER_PATHS = NO;
				CLANG_ANALYZER_NONNULL = YES;
				CLANG_ANALYZER_NUMBER_OBJECT_CONVERSION = YES_AGGRESSIVE;
				CLANG_CXX_LANGUAGE_STANDARD = "gnu++20";
				CLANG_ENABLE_MODULES = YES;
				CLANG_ENABLE_OBJC_ARC = YES;
				CLANG_ENABLE_OBJC_WEAK = YES;
				CLANG_WARN_BLOCK_CAPTURE_AUTORELEASING = YES;
				CLANG_WARN_BOOL_CONVERSION = YES;
				CLANG_WARN_COMMA = YES;
				CLANG_WARN_CONSTANT_CONVERSION = YES;
				CLANG_WARN_DEPRECATED_OBJC_IMPLEMENTATIONS = YES;
				CLANG_WARN_DIRECT_OBJC_ISA_USAGE = YES_ERROR;
				CLANG_WARN_DOCUMENTATION_COMMENTS = YES;
				CLANG_WARN_EMPTY_BODY = YES;
				CLANG_WARN_ENUM_CONVERSION = YES;
				CLANG_WARN_INFINITE_RECURSION = YES;
				CLANG_WARN_INT_CONVERSION = YES;
				CLANG_WARN_NON_LITERAL_NULL_CONVERSION = YES;
				CLANG_WARN_OBJC_IMPLICIT_RETAIN_SELF = YES;
				CLANG_WARN_OBJC_LITERAL_CONVERSION = YES;
				CLANG_WARN_OBJC_ROOT_CLASS = YES_ERROR;
				CLANG_WARN_QUOTED_INCLUDE_IN_FRAMEWORK_HEADER = YES;
				CLANG_WARN_RANGE_LOOP_ANALYSIS = YES;
				CLANG_WARN_STRICT_PROTOTYPES = YES;
				CLANG_WARN_SUSPICIOUS_MOVE = YES;
				CLANG_WARN_UNGUARDED_AVAILABILITY = YES_AGGRESSIVE;
				CLANG_WARN_UNREACHABLE_CODE = YES;
				CLANG_WARN__DUPLICATE_METHOD_MATCH = YES;
				COPY_PHASE_STRIP = NO;
				DEBUG_INFORMATION_FORMAT = "dwarf-with-dsym";
				ENABLE_NS_ASSERTIONS = NO;
				ENABLE_STRICT_OBJC_MSGSEND = YES;
				GCC_C_LANGUAGE_STANDARD = gnu11;
				GCC_NO_COMMON_BLOCKS = YES;
				GCC_WARN_64_TO_32_BIT_CONVERSION = YES;
				GCC_WARN_ABOUT_RETURN_TYPE = YES_ERROR;
				GCC_WARN_UNDECLARED_SELECTOR = YES;
				GCC_WARN_UNINITIALIZED_AUTOS = YES_AGGRESSIVE;
				GCC_WARN_UNUSED_FUNCTION = YES;
				GCC_WARN_UNUSED_VARIABLE = YES;
				IPHONEOS_DEPLOYMENT_TARGET = 16.0;
				MTL_ENABLE_DEBUG_INFO = NO;
				MTL_FAST_MATH = YES;
				SDKROOT = iphoneos;
				SWIFT_COMPILATION_MODE = wholemodule;
				SWIFT_OPTIMIZATION_LEVEL = "-O";
				VALIDATE_PRODUCT = YES;
			};
			name = Release;
		};
		3560174B2939125C004AD5C7 /* Debug */ = {
			isa = XCBuildConfiguration;
			buildSettings = {
				ASSETCATALOG_COMPILER_APPICON_NAME = AppIcon;
				ASSETCATALOG_COMPILER_GLOBAL_ACCENT_COLOR_NAME = AccentColor;
				CODE_SIGN_STYLE = Automatic;
				CURRENT_PROJECT_VERSION = 1;
				DEVELOPMENT_ASSET_PATHS = "\"Focus.me/Preview Content\"";
				DEVELOPMENT_TEAM = 7QZT79MHG2;
				ENABLE_PREVIEWS = YES;
				GENERATE_INFOPLIST_FILE = YES;
				INFOPLIST_KEY_UIApplicationSceneManifest_Generation = YES;
				INFOPLIST_KEY_UIApplicationSupportsIndirectInputEvents = YES;
				INFOPLIST_KEY_UILaunchScreen_Generation = YES;
				INFOPLIST_KEY_UISupportedInterfaceOrientations_iPad = "UIInterfaceOrientationPortrait UIInterfaceOrientationPortraitUpsideDown UIInterfaceOrientationLandscapeLeft UIInterfaceOrientationLandscapeRight";
				INFOPLIST_KEY_UISupportedInterfaceOrientations_iPhone = "UIInterfaceOrientationPortrait UIInterfaceOrientationLandscapeLeft UIInterfaceOrientationLandscapeRight";
				LD_RUNPATH_SEARCH_PATHS = (
					"$(inherited)",
					"@executable_path/Frameworks",
				);
				MARKETING_VERSION = 1.0;
				PRODUCT_BUNDLE_IDENTIFIER = "k.kornev.pr.Focus-me";
				PRODUCT_NAME = "$(TARGET_NAME)";
				SWIFT_EMIT_LOC_STRINGS = YES;
				SWIFT_VERSION = 5.0;
				TARGETED_DEVICE_FAMILY = "1,2";
			};
			name = Debug;
		};
		3560174C2939125C004AD5C7 /* Release */ = {
			isa = XCBuildConfiguration;
			buildSettings = {
				ASSETCATALOG_COMPILER_APPICON_NAME = AppIcon;
				ASSETCATALOG_COMPILER_GLOBAL_ACCENT_COLOR_NAME = AccentColor;
				CODE_SIGN_STYLE = Automatic;
				CURRENT_PROJECT_VERSION = 1;
				DEVELOPMENT_ASSET_PATHS = "\"Focus.me/Preview Content\"";
				DEVELOPMENT_TEAM = 7QZT79MHG2;
				ENABLE_PREVIEWS = YES;
				GENERATE_INFOPLIST_FILE = YES;
				INFOPLIST_KEY_UIApplicationSceneManifest_Generation = YES;
				INFOPLIST_KEY_UIApplicationSupportsIndirectInputEvents = YES;
				INFOPLIST_KEY_UILaunchScreen_Generation = YES;
				INFOPLIST_KEY_UISupportedInterfaceOrientations_iPad = "UIInterfaceOrientationPortrait UIInterfaceOrientationPortraitUpsideDown UIInterfaceOrientationLandscapeLeft UIInterfaceOrientationLandscapeRight";
				INFOPLIST_KEY_UISupportedInterfaceOrientations_iPhone = "UIInterfaceOrientationPortrait UIInterfaceOrientationLandscapeLeft UIInterfaceOrientationLandscapeRight";
				LD_RUNPATH_SEARCH_PATHS = (
					"$(inherited)",
					"@executable_path/Frameworks",
				);
				MARKETING_VERSION = 1.0;
				PRODUCT_BUNDLE_IDENTIFIER = "k.kornev.pr.Focus-me";
				PRODUCT_NAME = "$(TARGET_NAME)";
				SWIFT_EMIT_LOC_STRINGS = YES;
				SWIFT_VERSION = 5.0;
				TARGETED_DEVICE_FAMILY = "1,2";
			};
			name = Release;
		};
/* End XCBuildConfiguration section */

/* Begin XCConfigurationList section */
		356017372939125B004AD5C7 /* Build configuration list for PBXProject "Focus.me" */ = {
			isa = XCConfigurationList;
			buildConfigurations = (
				356017482939125C004AD5C7 /* Debug */,
				356017492939125C004AD5C7 /* Release */,
			);
			defaultConfigurationIsVisible = 0;
			defaultConfigurationName = Release;
		};
		3560174A2939125C004AD5C7 /* Build configuration list for PBXNativeTarget "Focus.me" */ = {
			isa = XCConfigurationList;
			buildConfigurations = (
				3560174B2939125C004AD5C7 /* Debug */,
				3560174C2939125C004AD5C7 /* Release */,
			);
			defaultConfigurationIsVisible = 0;
			defaultConfigurationName = Release;
		};
/* End XCConfigurationList section */
	};
	rootObject = 356017342939125B004AD5C7 /* Project object */;
}
